// !$*UTF8*$!
{
	archiveVersion = 1;
	classes = {
	};
	objectVersion = 56;
	objects = {

/* Begin PBXBuildFile section */
		802A47BD2D676E5300E72954 /* WidgetKit.framework in Frameworks */ = {isa = PBXBuildFile; fileRef = 802A47BC2D676E5300E72954 /* WidgetKit.framework */; };
		802A47BF2D676E5300E72954 /* SwiftUI.framework in Frameworks */ = {isa = PBXBuildFile; fileRef = 802A47BE2D676E5300E72954 /* SwiftUI.framework */; };
		802A47C22D676E5300E72954 /* WeatherWidgitBundle.swift in Sources */ = {isa = PBXBuildFile; fileRef = 802A47C12D676E5300E72954 /* WeatherWidgitBundle.swift */; };
		802A47C42D676E5300E72954 /* WeatherWidgit.swift in Sources */ = {isa = PBXBuildFile; fileRef = 802A47C32D676E5300E72954 /* WeatherWidgit.swift */; };
		802A47C62D676E5500E72954 /* Assets.xcassets in Resources */ = {isa = PBXBuildFile; fileRef = 802A47C52D676E5500E72954 /* Assets.xcassets */; };
		802A47CA2D676E5500E72954 /* WeatherWidgitExtension.appex in Embed Foundation Extensions */ = {isa = PBXBuildFile; fileRef = 802A47BA2D676E5300E72954 /* WeatherWidgitExtension.appex */; settings = {ATTRIBUTES = (RemoveHeadersOnCopy, ); }; };
		802A47CF2D67776700E72954 /* WeatherService.swift in Sources */ = {isa = PBXBuildFile; fileRef = 80846EA82D65FA720099FBA4 /* WeatherService.swift */; };
		802A47D02D67785700E72954 /* WeatherModel.swift in Sources */ = {isa = PBXBuildFile; fileRef = 80846EA62D65FA550099FBA4 /* WeatherModel.swift */; };
		80846E972D65F9F80099FBA4 /* WeatherApp2App.swift in Sources */ = {isa = PBXBuildFile; fileRef = 80846E962D65F9F80099FBA4 /* WeatherApp2App.swift */; };
		80846E992D65F9F80099FBA4 /* ContentView.swift in Sources */ = {isa = PBXBuildFile; fileRef = 80846E982D65F9F80099FBA4 /* ContentView.swift */; };
		80846E9B2D65F9F90099FBA4 /* Assets.xcassets in Resources */ = {isa = PBXBuildFile; fileRef = 80846E9A2D65F9F90099FBA4 /* Assets.xcassets */; };
		80846E9E2D65F9F90099FBA4 /* Preview Assets.xcassets in Resources */ = {isa = PBXBuildFile; fileRef = 80846E9D2D65F9F90099FBA4 /* Preview Assets.xcassets */; };
		80846EA52D65FA340099FBA4 /* DetailView.swift in Sources */ = {isa = PBXBuildFile; fileRef = 80846EA42D65FA340099FBA4 /* DetailView.swift */; };
		80846EA72D65FA550099FBA4 /* WeatherModel.swift in Sources */ = {isa = PBXBuildFile; fileRef = 80846EA62D65FA550099FBA4 /* WeatherModel.swift */; };
		80846EA92D65FA720099FBA4 /* WeatherService.swift in Sources */ = {isa = PBXBuildFile; fileRef = 80846EA82D65FA720099FBA4 /* WeatherService.swift */; };
		80C8F8502D6CAD3B00A47B08 /* LocationManager.swift in Sources */ = {isa = PBXBuildFile; fileRef = 80C8F84F2D6CAD3B00A47B08 /* LocationManager.swift */; };
		80C8F8512D6CAEE100A47B08 /* LocationManager.swift in Sources */ = {isa = PBXBuildFile; fileRef = 80C8F84F2D6CAD3B00A47B08 /* LocationManager.swift */; };
/* End PBXBuildFile section */

/* Begin PBXContainerItemProxy section */
		802A47C82D676E5500E72954 /* PBXContainerItemProxy */ = {
			isa = PBXContainerItemProxy;
			containerPortal = 80846E8B2D65F9F80099FBA4 /* Project object */;
			proxyType = 1;
			remoteGlobalIDString = 802A47B92D676E5300E72954;
			remoteInfo = WeatherWidgitExtension;
		};
/* End PBXContainerItemProxy section */

/* Begin PBXCopyFilesBuildPhase section */
		802A47CB2D676E5500E72954 /* Embed Foundation Extensions */ = {
			isa = PBXCopyFilesBuildPhase;
			buildActionMask = 2147483647;
			dstPath = "";
			dstSubfolderSpec = 13;
			files = (
				802A47CA2D676E5500E72954 /* WeatherWidgitExtension.appex in Embed Foundation Extensions */,
			);
			name = "Embed Foundation Extensions";
			runOnlyForDeploymentPostprocessing = 0;
		};
/* End PBXCopyFilesBuildPhase section */

/* Begin PBXFileReference section */
		802A47BA2D676E5300E72954 /* WeatherWidgitExtension.appex */ = {isa = PBXFileReference; explicitFileType = "wrapper.app-extension"; includeInIndex = 0; path = WeatherWidgitExtension.appex; sourceTree = BUILT_PRODUCTS_DIR; };
		802A47BC2D676E5300E72954 /* WidgetKit.framework */ = {isa = PBXFileReference; lastKnownFileType = wrapper.framework; name = WidgetKit.framework; path = System/Library/Frameworks/WidgetKit.framework; sourceTree = SDKROOT; };
		802A47BE2D676E5300E72954 /* SwiftUI.framework */ = {isa = PBXFileReference; lastKnownFileType = wrapper.framework; name = SwiftUI.framework; path = System/Library/Frameworks/SwiftUI.framework; sourceTree = SDKROOT; };
		802A47C12D676E5300E72954 /* WeatherWidgitBundle.swift */ = {isa = PBXFileReference; lastKnownFileType = sourcecode.swift; path = WeatherWidgitBundle.swift; sourceTree = "<group>"; };
		802A47C32D676E5300E72954 /* WeatherWidgit.swift */ = {isa = PBXFileReference; lastKnownFileType = sourcecode.swift; path = WeatherWidgit.swift; sourceTree = "<group>"; };
		802A47C52D676E5500E72954 /* Assets.xcassets */ = {isa = PBXFileReference; lastKnownFileType = folder.assetcatalog; path = Assets.xcassets; sourceTree = "<group>"; };
		802A47C72D676E5500E72954 /* Info.plist */ = {isa = PBXFileReference; lastKnownFileType = text.plist.xml; path = Info.plist; sourceTree = "<group>"; };
		80846E932D65F9F80099FBA4 /* WeatherApp2.app */ = {isa = PBXFileReference; explicitFileType = wrapper.application; includeInIndex = 0; path = WeatherApp2.app; sourceTree = BUILT_PRODUCTS_DIR; };
		80846E962D65F9F80099FBA4 /* WeatherApp2App.swift */ = {isa = PBXFileReference; lastKnownFileType = sourcecode.swift; path = WeatherApp2App.swift; sourceTree = "<group>"; };
		80846E982D65F9F80099FBA4 /* ContentView.swift */ = {isa = PBXFileReference; lastKnownFileType = sourcecode.swift; path = ContentView.swift; sourceTree = "<group>"; };
		80846E9A2D65F9F90099FBA4 /* Assets.xcassets */ = {isa = PBXFileReference; lastKnownFileType = folder.assetcatalog; path = Assets.xcassets; sourceTree = "<group>"; };
		80846E9D2D65F9F90099FBA4 /* Preview Assets.xcassets */ = {isa = PBXFileReference; lastKnownFileType = folder.assetcatalog; path = "Preview Assets.xcassets"; sourceTree = "<group>"; };
		80846EA42D65FA340099FBA4 /* DetailView.swift */ = {isa = PBXFileReference; lastKnownFileType = sourcecode.swift; path = DetailView.swift; sourceTree = "<group>"; };
		80846EA62D65FA550099FBA4 /* WeatherModel.swift */ = {isa = PBXFileReference; lastKnownFileType = sourcecode.swift; path = WeatherModel.swift; sourceTree = "<group>"; };
		80846EA82D65FA720099FBA4 /* WeatherService.swift */ = {isa = PBXFileReference; lastKnownFileType = sourcecode.swift; path = WeatherService.swift; sourceTree = "<group>"; };
		80C8F84F2D6CAD3B00A47B08 /* LocationManager.swift */ = {isa = PBXFileReference; lastKnownFileType = sourcecode.swift; path = LocationManager.swift; sourceTree = "<group>"; };
		80C8F8522D6CB41000A47B08 /* Info.plist */ = {isa = PBXFileReference; lastKnownFileType = text.plist; path = Info.plist; sourceTree = "<group>"; };
		80C8F8532D6CCE1900A47B08 /* WeatherApp2.entitlements */ = {isa = PBXFileReference; lastKnownFileType = text.plist.entitlements; path = WeatherApp2.entitlements; sourceTree = "<group>"; };
		80C8F8542D6CCEC500A47B08 /* WeatherWidgitExtension.entitlements */ = {isa = PBXFileReference; lastKnownFileType = text.plist.entitlements; path = WeatherWidgitExtension.entitlements; sourceTree = "<group>"; };
/* End PBXFileReference section */

/* Begin PBXFrameworksBuildPhase section */
		802A47B72D676E5300E72954 /* Frameworks */ = {
			isa = PBXFrameworksBuildPhase;
			buildActionMask = 2147483647;
			files = (
				802A47BF2D676E5300E72954 /* SwiftUI.framework in Frameworks */,
				802A47BD2D676E5300E72954 /* WidgetKit.framework in Frameworks */,
			);
			runOnlyForDeploymentPostprocessing = 0;
		};
		80846E902D65F9F80099FBA4 /* Frameworks */ = {
			isa = PBXFrameworksBuildPhase;
			buildActionMask = 2147483647;
			files = (
			);
			runOnlyForDeploymentPostprocessing = 0;
		};
/* End PBXFrameworksBuildPhase section */

/* Begin PBXGroup section */
		802A47BB2D676E5300E72954 /* Frameworks */ = {
			isa = PBXGroup;
			children = (
				802A47BC2D676E5300E72954 /* WidgetKit.framework */,
				802A47BE2D676E5300E72954 /* SwiftUI.framework */,
			);
			name = Frameworks;
			sourceTree = "<group>";
		};
		802A47C02D676E5300E72954 /* WeatherWidgit */ = {
			isa = PBXGroup;
			children = (
				802A47C12D676E5300E72954 /* WeatherWidgitBundle.swift */,
				802A47C32D676E5300E72954 /* WeatherWidgit.swift */,
				802A47C52D676E5500E72954 /* Assets.xcassets */,
				802A47C72D676E5500E72954 /* Info.plist */,
			);
			path = WeatherWidgit;
			sourceTree = "<group>";
		};
		80846E8A2D65F9F80099FBA4 = {
			isa = PBXGroup;
			children = (
				80C8F8542D6CCEC500A47B08 /* WeatherWidgitExtension.entitlements */,
				80846E952D65F9F80099FBA4 /* WeatherApp2 */,
				802A47C02D676E5300E72954 /* WeatherWidgit */,
				802A47BB2D676E5300E72954 /* Frameworks */,
				80846E942D65F9F80099FBA4 /* Products */,
			);
			sourceTree = "<group>";
		};
		80846E942D65F9F80099FBA4 /* Products */ = {
			isa = PBXGroup;
			children = (
				80846E932D65F9F80099FBA4 /* WeatherApp2.app */,
				802A47BA2D676E5300E72954 /* WeatherWidgitExtension.appex */,
			);
			name = Products;
			sourceTree = "<group>";
		};
		80846E952D65F9F80099FBA4 /* WeatherApp2 */ = {
			isa = PBXGroup;
			children = (
				80C8F8532D6CCE1900A47B08 /* WeatherApp2.entitlements */,
				80C8F8522D6CB41000A47B08 /* Info.plist */,
				80846E962D65F9F80099FBA4 /* WeatherApp2App.swift */,
				80846E982D65F9F80099FBA4 /* ContentView.swift */,
				80846E9A2D65F9F90099FBA4 /* Assets.xcassets */,
				80846E9C2D65F9F90099FBA4 /* Preview Content */,
				80846EA42D65FA340099FBA4 /* DetailView.swift */,
				80846EA62D65FA550099FBA4 /* WeatherModel.swift */,
				80846EA82D65FA720099FBA4 /* WeatherService.swift */,
				80C8F84F2D6CAD3B00A47B08 /* LocationManager.swift */,
			);
			path = WeatherApp2;
			sourceTree = "<group>";
		};
		80846E9C2D65F9F90099FBA4 /* Preview Content */ = {
			isa = PBXGroup;
			children = (
				80846E9D2D65F9F90099FBA4 /* Preview Assets.xcassets */,
			);
			path = "Preview Content";
			sourceTree = "<group>";
		};
/* End PBXGroup section */

/* Begin PBXNativeTarget section */
		802A47B92D676E5300E72954 /* WeatherWidgitExtension */ = {
			isa = PBXNativeTarget;
			buildConfigurationList = 802A47CE2D676E5500E72954 /* Build configuration list for PBXNativeTarget "WeatherWidgitExtension" */;
			buildPhases = (
				802A47B62D676E5300E72954 /* Sources */,
				802A47B72D676E5300E72954 /* Frameworks */,
				802A47B82D676E5300E72954 /* Resources */,
			);
			buildRules = (
			);
			dependencies = (
			);
			name = WeatherWidgitExtension;
			productName = WeatherWidgitExtension;
			productReference = 802A47BA2D676E5300E72954 /* WeatherWidgitExtension.appex */;
			productType = "com.apple.product-type.app-extension";
		};
		80846E922D65F9F80099FBA4 /* WeatherApp2 */ = {
			isa = PBXNativeTarget;
			buildConfigurationList = 80846EA12D65F9F90099FBA4 /* Build configuration list for PBXNativeTarget "WeatherApp2" */;
			buildPhases = (
				80846E8F2D65F9F80099FBA4 /* Sources */,
				80846E902D65F9F80099FBA4 /* Frameworks */,
				80846E912D65F9F80099FBA4 /* Resources */,
				802A47CB2D676E5500E72954 /* Embed Foundation Extensions */,
			);
			buildRules = (
			);
			dependencies = (
				802A47C92D676E5500E72954 /* PBXTargetDependency */,
			);
			name = WeatherApp2;
			productName = WeatherApp2;
			productReference = 80846E932D65F9F80099FBA4 /* WeatherApp2.app */;
			productType = "com.apple.product-type.application";
		};
/* End PBXNativeTarget section */

/* Begin PBXProject section */
		80846E8B2D65F9F80099FBA4 /* Project object */ = {
			isa = PBXProject;
			attributes = {
				BuildIndependentTargetsInParallel = 1;
				LastSwiftUpdateCheck = 1530;
				LastUpgradeCheck = 1530;
				TargetAttributes = {
					802A47B92D676E5300E72954 = {
						CreatedOnToolsVersion = 15.3;
					};
					80846E922D65F9F80099FBA4 = {
						CreatedOnToolsVersion = 15.3;
					};
				};
			};
			buildConfigurationList = 80846E8E2D65F9F80099FBA4 /* Build configuration list for PBXProject "WeatherApp2" */;
			compatibilityVersion = "Xcode 14.0";
			developmentRegion = en;
			hasScannedForEncodings = 0;
			knownRegions = (
				en,
				Base,
			);
			mainGroup = 80846E8A2D65F9F80099FBA4;
			productRefGroup = 80846E942D65F9F80099FBA4 /* Products */;
			projectDirPath = "";
			projectRoot = "";
			targets = (
				80846E922D65F9F80099FBA4 /* WeatherApp2 */,
				802A47B92D676E5300E72954 /* WeatherWidgitExtension */,
			);
		};
/* End PBXProject section */

/* Begin PBXResourcesBuildPhase section */
		802A47B82D676E5300E72954 /* Resources */ = {
			isa = PBXResourcesBuildPhase;
			buildActionMask = 2147483647;
			files = (
				802A47C62D676E5500E72954 /* Assets.xcassets in Resources */,
			);
			runOnlyForDeploymentPostprocessing = 0;
		};
		80846E912D65F9F80099FBA4 /* Resources */ = {
			isa = PBXResourcesBuildPhase;
			buildActionMask = 2147483647;
			files = (
				80846E9E2D65F9F90099FBA4 /* Preview Assets.xcassets in Resources */,
				80846E9B2D65F9F90099FBA4 /* Assets.xcassets in Resources */,
			);
			runOnlyForDeploymentPostprocessing = 0;
		};
/* End PBXResourcesBuildPhase section */

/* Begin PBXSourcesBuildPhase section */
		802A47B62D676E5300E72954 /* Sources */ = {
			isa = PBXSourcesBuildPhase;
			buildActionMask = 2147483647;
			files = (
				802A47C42D676E5300E72954 /* WeatherWidgit.swift in Sources */,
				802A47CF2D67776700E72954 /* WeatherService.swift in Sources */,
				80C8F8512D6CAEE100A47B08 /* LocationManager.swift in Sources */,
				802A47D02D67785700E72954 /* WeatherModel.swift in Sources */,
				802A47C22D676E5300E72954 /* WeatherWidgitBundle.swift in Sources */,
			);
			runOnlyForDeploymentPostprocessing = 0;
		};
		80846E8F2D65F9F80099FBA4 /* Sources */ = {
			isa = PBXSourcesBuildPhase;
			buildActionMask = 2147483647;
			files = (
				80846EA92D65FA720099FBA4 /* WeatherService.swift in Sources */,
				80846E992D65F9F80099FBA4 /* ContentView.swift in Sources */,
				80C8F8502D6CAD3B00A47B08 /* LocationManager.swift in Sources */,
				80846EA52D65FA340099FBA4 /* DetailView.swift in Sources */,
				80846EA72D65FA550099FBA4 /* WeatherModel.swift in Sources */,
				80846E972D65F9F80099FBA4 /* WeatherApp2App.swift in Sources */,
			);
			runOnlyForDeploymentPostprocessing = 0;
		};
/* End PBXSourcesBuildPhase section */

/* Begin PBXTargetDependency section */
		802A47C92D676E5500E72954 /* PBXTargetDependency */ = {
			isa = PBXTargetDependency;
			target = 802A47B92D676E5300E72954 /* WeatherWidgitExtension */;
			targetProxy = 802A47C82D676E5500E72954 /* PBXContainerItemProxy */;
		};
/* End PBXTargetDependency section */

/* Begin XCBuildConfiguration section */
		802A47CC2D676E5500E72954 /* Debug */ = {
			isa = XCBuildConfiguration;
			buildSettings = {
				ASSETCATALOG_COMPILER_GLOBAL_ACCENT_COLOR_NAME = AccentColor;
				ASSETCATALOG_COMPILER_WIDGET_BACKGROUND_COLOR_NAME = WidgetBackground;
				CODE_SIGN_ENTITLEMENTS = WeatherWidgitExtension.entitlements;
				CODE_SIGN_STYLE = Automatic;
				CURRENT_PROJECT_VERSION = 1;
				DEVELOPMENT_TEAM = QUH29RTG32;
				GENERATE_INFOPLIST_FILE = YES;
				INFOPLIST_FILE = WeatherWidgit/Info.plist;
				INFOPLIST_KEY_CFBundleDisplayName = WeatherWidgit;
				INFOPLIST_KEY_NSHumanReadableCopyright = "";
				LD_RUNPATH_SEARCH_PATHS = (
					"$(inherited)",
					"@executable_path/Frameworks",
					"@executable_path/../../Frameworks",
				);
				MARKETING_VERSION = 1.0;
				PRODUCT_BUNDLE_IDENTIFIER = com.triosdj.WeatherApp2.WeatherWidgit;
				PRODUCT_NAME = "$(TARGET_NAME)";
				SKIP_INSTALL = YES;
				SWIFT_EMIT_LOC_STRINGS = YES;
				SWIFT_VERSION = 5.0;
				TARGETED_DEVICE_FAMILY = "1,2";
			};
			name = Debug;
		};
		802A47CD2D676E5500E72954 /* Release */ = {
			isa = XCBuildConfiguration;
			buildSettings = {
				ASSETCATALOG_COMPILER_GLOBAL_ACCENT_COLOR_NAME = AccentColor;
				ASSETCATALOG_COMPILER_WIDGET_BACKGROUND_COLOR_NAME = WidgetBackground;
				CODE_SIGN_ENTITLEMENTS = WeatherWidgitExtension.entitlements;
				CODE_SIGN_STYLE = Automatic;
				CURRENT_PROJECT_VERSION = 1;
				DEVELOPMENT_TEAM = QUH29RTG32;
				GENERATE_INFOPLIST_FILE = YES;
				INFOPLIST_FILE = WeatherWidgit/Info.plist;
				INFOPLIST_KEY_CFBundleDisplayName = WeatherWidgit;
				INFOPLIST_KEY_NSHumanReadableCopyright = "";
				LD_RUNPATH_SEARCH_PATHS = (
					"$(inherited)",
					"@executable_path/Frameworks",
					"@executable_path/../../Frameworks",
				);
				MARKETING_VERSION = 1.0;
				PRODUCT_BUNDLE_IDENTIFIER = com.triosdj.WeatherApp2.WeatherWidgit;
				PRODUCT_NAME = "$(TARGET_NAME)";
				SKIP_INSTALL = YES;
				SWIFT_EMIT_LOC_STRINGS = YES;
				SWIFT_VERSION = 5.0;
				TARGETED_DEVICE_FAMILY = "1,2";
			};
			name = Release;
		};
		80846E9F2D65F9F90099FBA4 /* Debug */ = {
			isa = XCBuildConfiguration;
			buildSettings = {
				ALWAYS_SEARCH_USER_PATHS = NO;
				ASSETCATALOG_COMPILER_GENERATE_SWIFT_ASSET_SYMBOL_EXTENSIONS = YES;
				CLANG_ANALYZER_NONNULL = YES;
				CLANG_ANALYZER_NUMBER_OBJECT_CONVERSION = YES_AGGRESSIVE;
				CLANG_CXX_LANGUAGE_STANDARD = "gnu++20";
				CLANG_ENABLE_MODULES = YES;
				CLANG_ENABLE_OBJC_ARC = YES;
				CLANG_ENABLE_OBJC_WEAK = YES;
				CLANG_WARN_BLOCK_CAPTURE_AUTORELEASING = YES;
				CLANG_WARN_BOOL_CONVERSION = YES;
				CLANG_WARN_COMMA = YES;
				CLANG_WARN_CONSTANT_CONVERSION = YES;
				CLANG_WARN_DEPRECATED_OBJC_IMPLEMENTATIONS = YES;
				CLANG_WARN_DIRECT_OBJC_ISA_USAGE = YES_ERROR;
				CLANG_WARN_DOCUMENTATION_COMMENTS = YES;
				CLANG_WARN_EMPTY_BODY = YES;
				CLANG_WARN_ENUM_CONVERSION = YES;
				CLANG_WARN_INFINITE_RECURSION = YES;
				CLANG_WARN_INT_CONVERSION = YES;
				CLANG_WARN_NON_LITERAL_NULL_CONVERSION = YES;
				CLANG_WARN_OBJC_IMPLICIT_RETAIN_SELF = YES;
				CLANG_WARN_OBJC_LITERAL_CONVERSION = YES;
				CLANG_WARN_OBJC_ROOT_CLASS = YES_ERROR;
				CLANG_WARN_QUOTED_INCLUDE_IN_FRAMEWORK_HEADER = YES;
				CLANG_WARN_RANGE_LOOP_ANALYSIS = YES;
				CLANG_WARN_STRICT_PROTOTYPES = YES;
				CLANG_WARN_SUSPICIOUS_MOVE = YES;
				CLANG_WARN_UNGUARDED_AVAILABILITY = YES_AGGRESSIVE;
				CLANG_WARN_UNREACHABLE_CODE = YES;
				CLANG_WARN__DUPLICATE_METHOD_MATCH = YES;
				COPY_PHASE_STRIP = NO;
				DEBUG_INFORMATION_FORMAT = dwarf;
				ENABLE_STRICT_OBJC_MSGSEND = YES;
				ENABLE_TESTABILITY = YES;
				ENABLE_USER_SCRIPT_SANDBOXING = YES;
				GCC_C_LANGUAGE_STANDARD = gnu17;
				GCC_DYNAMIC_NO_PIC = NO;
				GCC_NO_COMMON_BLOCKS = YES;
				GCC_OPTIMIZATION_LEVEL = 0;
				GCC_PREPROCESSOR_DEFINITIONS = (
					"DEBUG=1",
					"$(inherited)",
				);
				GCC_WARN_64_TO_32_BIT_CONVERSION = YES;
				GCC_WARN_ABOUT_RETURN_TYPE = YES_ERROR;
				GCC_WARN_UNDECLARED_SELECTOR = YES;
				GCC_WARN_UNINITIALIZED_AUTOS = YES_AGGRESSIVE;
				GCC_WARN_UNUSED_FUNCTION = YES;
				GCC_WARN_UNUSED_VARIABLE = YES;
				IPHONEOS_DEPLOYMENT_TARGET = 17.4;
				LOCALIZATION_PREFERS_STRING_CATALOGS = YES;
				MTL_ENABLE_DEBUG_INFO = INCLUDE_SOURCE;
				MTL_FAST_MATH = YES;
				ONLY_ACTIVE_ARCH = YES;
				SDKROOT = iphoneos;
				SWIFT_ACTIVE_COMPILATION_CONDITIONS = "DEBUG $(inherited)";
				SWIFT_OPTIMIZATION_LEVEL = "-Onone";
			};
			name = Debug;
		};
		80846EA02D65F9F90099FBA4 /* Release */ = {
			isa = XCBuildConfiguration;
			buildSettings = {
				ALWAYS_SEARCH_USER_PATHS = NO;
				ASSETCATALOG_COMPILER_GENERATE_SWIFT_ASSET_SYMBOL_EXTENSIONS = YES;
				CLANG_ANALYZER_NONNULL = YES;
				CLANG_ANALYZER_NUMBER_OBJECT_CONVERSION = YES_AGGRESSIVE;
				CLANG_CXX_LANGUAGE_STANDARD = "gnu++20";
				CLANG_ENABLE_MODULES = YES;
				CLANG_ENABLE_OBJC_ARC = YES;
				CLANG_ENABLE_OBJC_WEAK = YES;
				CLANG_WARN_BLOCK_CAPTURE_AUTORELEASING = YES;
				CLANG_WARN_BOOL_CONVERSION = YES;
				CLANG_WARN_COMMA = YES;
				CLANG_WARN_CONSTANT_CONVERSION = YES;
				CLANG_WARN_DEPRECATED_OBJC_IMPLEMENTATIONS = YES;
				CLANG_WARN_DIRECT_OBJC_ISA_USAGE = YES_ERROR;
				CLANG_WARN_DOCUMENTATION_COMMENTS = YES;
				CLANG_WARN_EMPTY_BODY = YES;
				CLANG_WARN_ENUM_CONVERSION = YES;
				CLANG_WARN_INFINITE_RECURSION = YES;
				CLANG_WARN_INT_CONVERSION = YES;
				CLANG_WARN_NON_LITERAL_NULL_CONVERSION = YES;
				CLANG_WARN_OBJC_IMPLICIT_RETAIN_SELF = YES;
				CLANG_WARN_OBJC_LITERAL_CONVERSION = YES;
				CLANG_WARN_OBJC_ROOT_CLASS = YES_ERROR;
				CLANG_WARN_QUOTED_INCLUDE_IN_FRAMEWORK_HEADER = YES;
				CLANG_WARN_RANGE_LOOP_ANALYSIS = YES;
				CLANG_WARN_STRICT_PROTOTYPES = YES;
				CLANG_WARN_SUSPICIOUS_MOVE = YES;
				CLANG_WARN_UNGUARDED_AVAILABILITY = YES_AGGRESSIVE;
				CLANG_WARN_UNREACHABLE_CODE = YES;
				CLANG_WARN__DUPLICATE_METHOD_MATCH = YES;
				COPY_PHASE_STRIP = NO;
				DEBUG_INFORMATION_FORMAT = "dwarf-with-dsym";
				ENABLE_NS_ASSERTIONS = NO;
				ENABLE_STRICT_OBJC_MSGSEND = YES;
				ENABLE_USER_SCRIPT_SANDBOXING = YES;
				GCC_C_LANGUAGE_STANDARD = gnu17;
				GCC_NO_COMMON_BLOCKS = YES;
				GCC_WARN_64_TO_32_BIT_CONVERSION = YES;
				GCC_WARN_ABOUT_RETURN_TYPE = YES_ERROR;
				GCC_WARN_UNDECLARED_SELECTOR = YES;
				GCC_WARN_UNINITIALIZED_AUTOS = YES_AGGRESSIVE;
				GCC_WARN_UNUSED_FUNCTION = YES;
				GCC_WARN_UNUSED_VARIABLE = YES;
				IPHONEOS_DEPLOYMENT_TARGET = 17.4;
				LOCALIZATION_PREFERS_STRING_CATALOGS = YES;
				MTL_ENABLE_DEBUG_INFO = NO;
				MTL_FAST_MATH = YES;
				SDKROOT = iphoneos;
				SWIFT_COMPILATION_MODE = wholemodule;
				VALIDATE_PRODUCT = YES;
			};
			name = Release;
		};
		80846EA22D65F9F90099FBA4 /* Debug */ = {
			isa = XCBuildConfiguration;
			buildSettings = {
				ALWAYS_EMBED_SWIFT_STANDARD_LIBRARIES = YES;
				ASSETCATALOG_COMPILER_APPICON_NAME = AppIcon;
				ASSETCATALOG_COMPILER_GLOBAL_ACCENT_COLOR_NAME = AccentColor;
				CODE_SIGN_ENTITLEMENTS = WeatherApp2/WeatherApp2.entitlements;
				CODE_SIGN_STYLE = Automatic;
				CURRENT_PROJECT_VERSION = 1;
				DEVELOPMENT_ASSET_PATHS = "\"WeatherApp2/Preview Content\"";
				DEVELOPMENT_TEAM = QUH29RTG32;
				ENABLE_PREVIEWS = YES;
				GENERATE_INFOPLIST_FILE = YES;
				INFOPLIST_FILE = WeatherApp2/Info.plist;
				INFOPLIST_KEY_NSLocationAlwaysAndWhenInUseUsageDescription = "This app needs continuous location access to update weather data in the background.";
				INFOPLIST_KEY_NSLocationAlwaysUsageDescription = "This app needs continuous location access to update weather data in the background.";
				INFOPLIST_KEY_NSLocationWhenInUseUsageDescription = "We use your location to fetch local weather.";
				INFOPLIST_KEY_UIApplicationSceneManifest_Generation = YES;
				INFOPLIST_KEY_UIApplicationSupportsIndirectInputEvents = YES;
				INFOPLIST_KEY_UILaunchScreen_Generation = YES;
				INFOPLIST_KEY_UISupportedInterfaceOrientations_iPad = "UIInterfaceOrientationPortrait UIInterfaceOrientationPortraitUpsideDown UIInterfaceOrientationLandscapeLeft UIInterfaceOrientationLandscapeRight";
				INFOPLIST_KEY_UISupportedInterfaceOrientations_iPhone = "UIInterfaceOrientationPortrait UIInterfaceOrientationLandscapeLeft UIInterfaceOrientationLandscapeRight";
				LD_RUNPATH_SEARCH_PATHS = (
					"$(inherited)",
					"@executable_path/Frameworks",
				);
				MARKETING_VERSION = 1.0;
				PRODUCT_BUNDLE_IDENTIFIER = com.triosdj.WeatherApp2;
				PRODUCT_NAME = "$(TARGET_NAME)";
				SWIFT_EMIT_LOC_STRINGS = YES;
				SWIFT_VERSION = 5.0;
				TARGETED_DEVICE_FAMILY = "1,2";
			};
			name = Debug;
		};
		80846EA32D65F9F90099FBA4 /* Release */ = {
			isa = XCBuildConfiguration;
			buildSettings = {
				ALWAYS_EMBED_SWIFT_STANDARD_LIBRARIES = YES;
				ASSETCATALOG_COMPILER_APPICON_NAME = AppIcon;
				ASSETCATALOG_COMPILER_GLOBAL_ACCENT_COLOR_NAME = AccentColor;
				CODE_SIGN_ENTITLEMENTS = WeatherApp2/WeatherApp2.entitlements;
				CODE_SIGN_STYLE = Automatic;
				CURRENT_PROJECT_VERSION = 1;
				DEVELOPMENT_ASSET_PATHS = "\"WeatherApp2/Preview Content\"";
				DEVELOPMENT_TEAM = QUH29RTG32;
				ENABLE_PREVIEWS = YES;
				GENERATE_INFOPLIST_FILE = YES;
				INFOPLIST_FILE = WeatherApp2/Info.plist;
				INFOPLIST_KEY_NSLocationAlwaysAndWhenInUseUsageDescription = "This app needs continuous location access to update weather data in the background.";
				INFOPLIST_KEY_NSLocationAlwaysUsageDescription = "This app needs continuous location access to update weather data in the background.";
				INFOPLIST_KEY_NSLocationWhenInUseUsageDescription = "We use your location to fetch local weather.";
				INFOPLIST_KEY_UIApplicationSceneManifest_Generation = YES;
				INFOPLIST_KEY_UIApplicationSupportsIndirectInputEvents = YES;
				INFOPLIST_KEY_UILaunchScreen_Generation = YES;
				INFOPLIST_KEY_UISupportedInterfaceOrientations_iPad = "UIInterfaceOrientationPortrait UIInterfaceOrientationPortraitUpsideDown UIInterfaceOrientationLandscapeLeft UIInterfaceOrientationLandscapeRight";
				INFOPLIST_KEY_UISupportedInterfaceOrientations_iPhone = "UIInterfaceOrientationPortrait UIInterfaceOrientationLandscapeLeft UIInterfaceOrientationLandscapeRight";
				LD_RUNPATH_SEARCH_PATHS = (
					"$(inherited)",
					"@executable_path/Frameworks",
				);
				MARKETING_VERSION = 1.0;
				PRODUCT_BUNDLE_IDENTIFIER = com.triosdj.WeatherApp2;
				PRODUCT_NAME = "$(TARGET_NAME)";
				SWIFT_EMIT_LOC_STRINGS = YES;
				SWIFT_VERSION = 5.0;
				TARGETED_DEVICE_FAMILY = "1,2";
			};
			name = Release;
		};
/* End XCBuildConfiguration section */

/* Begin XCConfigurationList section */
		802A47CE2D676E5500E72954 /* Build configuration list for PBXNativeTarget "WeatherWidgitExtension" */ = {
			isa = XCConfigurationList;
			buildConfigurations = (
				802A47CC2D676E5500E72954 /* Debug */,
				802A47CD2D676E5500E72954 /* Release */,
			);
			defaultConfigurationIsVisible = 0;
			defaultConfigurationName = Release;
		};
		80846E8E2D65F9F80099FBA4 /* Build configuration list for PBXProject "WeatherApp2" */ = {
			isa = XCConfigurationList;
			buildConfigurations = (
				80846E9F2D65F9F90099FBA4 /* Debug */,
				80846EA02D65F9F90099FBA4 /* Release */,
			);
			defaultConfigurationIsVisible = 0;
			defaultConfigurationName = Release;
		};
		80846EA12D65F9F90099FBA4 /* Build configuration list for PBXNativeTarget "WeatherApp2" */ = {
			isa = XCConfigurationList;
			buildConfigurations = (
				80846EA22D65F9F90099FBA4 /* Debug */,
				80846EA32D65F9F90099FBA4 /* Release */,
			);
			defaultConfigurationIsVisible = 0;
			defaultConfigurationName = Release;
		};
/* End XCConfigurationList section */
	};
	rootObject = 80846E8B2D65F9F80099FBA4 /* Project object */;
}
